
Microsoft Visual Studio Solution File, Format Version 12.00
# Visual Studio 15
VisualStudioVersion = 15.0.27130.2036
MinimumVisualStudioVersion = 10.0.40219.1
Project("{FAE04EC0-301F-11D3-BF4B-00C04F79EFBC}") = "Le compte est bon 3.0", "Le compte est bon 2.0\Le compte est bon 3.0.csproj", "{A7A1F627-49B2-4F3E-A66E-FE103C27BD8F}"
EndProject
Global
	GlobalSection(SolutionConfigurationPlatforms) = preSolution
		Debug|Any CPU = Debug|Any CPU
		Release|Any CPU = Release|Any CPU
	EndGlobalSection
	GlobalSection(ProjectConfigurationPlatforms) = postSolution
		{A7A1F627-49B2-4F3E-A66E-FE103C27BD8F}.Debug|Any CPU.ActiveCfg = Debug|Any CPU
		{A7A1F627-49B2-4F3E-A66E-FE103C27BD8F}.Debug|Any CPU.Build.0 = Debug|Any CPU
		{A7A1F627-49B2-4F3E-A66E-FE103C27BD8F}.Release|Any CPU.ActiveCfg = Release|Any CPU
		{A7A1F627-49B2-4F3E-A66E-FE103C27BD8F}.Release|Any CPU.Build.0 = Release|Any CPU
	EndGlobalSection
	GlobalSection(SolutionProperties) = preSolution
		HideSolutionNode = FALSE
	EndGlobalSection
	GlobalSection(ExtensibilityGlobals) = postSolution
		SolutionGuid = {351CAED1-EC25-440D-A236-052EC0869C50}
	EndGlobalSection
EndGlobal
